
Microsoft Visual Studio Solution File, Format Version 12.00
# Visual Studio Version 16
VisualStudioVersion = 16.0.30717.126
MinimumVisualStudioVersion = 10.0.40219.1
Project("{8BC9CEB8-8B4A-11D0-8D11-00A0C91BC942}") = "ЛР2_модуль2_БронскаяМВ", "ЛР2_модуль2_БронскаяМВ\ЛР2_модуль2_БронскаяМВ.vcxproj", "{345B39DC-7CBB-49DC-9D45-5499227C8FEB}"
EndProject
Global
	GlobalSection(SolutionConfigurationPlatforms) = preSolution
		Debug|x64 = Debug|x64
		Debug|x86 = Debug|x86
		Release|x64 = Release|x64
		Release|x86 = Release|x86
	EndGlobalSection
	GlobalSection(ProjectConfigurationPlatforms) = postSolution
		{345B39DC-7CBB-49DC-9D45-5499227C8FEB}.Debug|x64.ActiveCfg = Debug|x64
		{345B39DC-7CBB-49DC-9D45-5499227C8FEB}.Debug|x64.Build.0 = Debug|x64
		{345B39DC-7CBB-49DC-9D45-5499227C8FEB}.Debug|x86.ActiveCfg = Debug|Win32
		{345B39DC-7CBB-49DC-9D45-5499227C8FEB}.Debug|x86.Build.0 = Debug|Win32
		{345B39DC-7CBB-49DC-9D45-5499227C8FEB}.Release|x64.ActiveCfg = Release|x64
		{345B39DC-7CBB-49DC-9D45-5499227C8FEB}.Release|x64.Build.0 = Release|x64
		{345B39DC-7CBB-49DC-9D45-5499227C8FEB}.Release|x86.ActiveCfg = Release|Win32
		{345B39DC-7CBB-49DC-9D45-5499227C8FEB}.Release|x86.Build.0 = Release|Win32
	EndGlobalSection
	GlobalSection(SolutionProperties) = preSolution
		HideSolutionNode = FALSE
	EndGlobalSection
	GlobalSection(ExtensibilityGlobals) = postSolution
		SolutionGuid = {3B2D0A62-3522-4BB9-885A-035835EE2026}
	EndGlobalSection
EndGlobal
